
Microsoft Visual Studio Solution File, Format Version 12.00
# Visual Studio Version 17
VisualStudioVersion = 17.4.33110.190
MinimumVisualStudioVersion = 10.0.40219.1
Project("{FAE04EC0-301F-11D3-BF4B-00C04F79EFBC}") = "EmployeeManagement", "EmployeeManagement\EmployeeManagement.csproj", "{2365DD78-5D08-4707-8DBD-D6198DB70F69}"
EndProject
Global
	GlobalSection(SolutionConfigurationPlatforms) = preSolution
		Debug|Any CPU = Debug|Any CPU
		Release|Any CPU = Release|Any CPU
	EndGlobalSection
	GlobalSection(ProjectConfigurationPlatforms) = postSolution
		{2365DD78-5D08-4707-8DBD-D6198DB70F69}.Debug|Any CPU.ActiveCfg = Debug|Any CPU
		{2365DD78-5D08-4707-8DBD-D6198DB70F69}.Debug|Any CPU.Build.0 = Debug|Any CPU
		{2365DD78-5D08-4707-8DBD-D6198DB70F69}.Release|Any CPU.ActiveCfg = Release|Any CPU
		{2365DD78-5D08-4707-8DBD-D6198DB70F69}.Release|Any CPU.Build.0 = Release|Any CPU
	EndGlobalSection
	GlobalSection(SolutionProperties) = preSolution
		HideSolutionNode = FALSE
	EndGlobalSection
	GlobalSection(ExtensibilityGlobals) = postSolution
		SolutionGuid = {FD5600DC-4E46-40B7-BFD3-CDB94A77EDF7}
	EndGlobalSection
EndGlobal
